
Microsoft Visual Studio Solution File, Format Version 12.00
# Visual Studio Version 17
VisualStudioVersion = 17.10.34928.147
MinimumVisualStudioVersion = 10.0.40219.1
Project("{9A19103F-16F7-4668-BE54-9A1E7A4F7556}") = "Domain", "Domain\Domain.csproj", "{AA46F251-942F-4962-9A06-D3B5AB739753}"
EndProject
Project("{9A19103F-16F7-4668-BE54-9A1E7A4F7556}") = "Application", "Application\Application.csproj", "{337F08CD-4CC2-48C7-83D0-559F9D3A1AA8}"
EndProject
Project("{9A19103F-16F7-4668-BE54-9A1E7A4F7556}") = "Infrastructure", "Infrastructure\Infrastructure.csproj", "{30885B48-7EB7-4068-82CE-40913EE68002}"
EndProject
Project("{FAE04EC0-301F-11D3-BF4B-00C04F79EFBC}") = "Api", "Api\Api.csproj", "{4695F264-679E-400B-9A74-7C9EE4FAD309}"
EndProject
Project("{FAE04EC0-301F-11D3-BF4B-00C04F79EFBC}") = "UnitTests", "Tests\UnitTests\UnitTests.csproj", "{246001A6-AE1F-40DE-8A1D-ABC392174C73}"
EndProject
Global
	GlobalSection(SolutionConfigurationPlatforms) = preSolution
		Debug|Any CPU = Debug|Any CPU
		Release|Any CPU = Release|Any CPU
	EndGlobalSection
	GlobalSection(ProjectConfigurationPlatforms) = postSolution
		{AA46F251-942F-4962-9A06-D3B5AB739753}.Debug|Any CPU.ActiveCfg = Debug|Any CPU
		{AA46F251-942F-4962-9A06-D3B5AB739753}.Debug|Any CPU.Build.0 = Debug|Any CPU
		{AA46F251-942F-4962-9A06-D3B5AB739753}.Release|Any CPU.ActiveCfg = Release|Any CPU
		{AA46F251-942F-4962-9A06-D3B5AB739753}.Release|Any CPU.Build.0 = Release|Any CPU
		{337F08CD-4CC2-48C7-83D0-559F9D3A1AA8}.Debug|Any CPU.ActiveCfg = Debug|Any CPU
		{337F08CD-4CC2-48C7-83D0-559F9D3A1AA8}.Debug|Any CPU.Build.0 = Debug|Any CPU
		{337F08CD-4CC2-48C7-83D0-559F9D3A1AA8}.Release|Any CPU.ActiveCfg = Release|Any CPU
		{337F08CD-4CC2-48C7-83D0-559F9D3A1AA8}.Release|Any CPU.Build.0 = Release|Any CPU
		{30885B48-7EB7-4068-82CE-40913EE68002}.Debug|Any CPU.ActiveCfg = Debug|Any CPU
		{30885B48-7EB7-4068-82CE-40913EE68002}.Debug|Any CPU.Build.0 = Debug|Any CPU
		{30885B48-7EB7-4068-82CE-40913EE68002}.Release|Any CPU.ActiveCfg = Release|Any CPU
		{30885B48-7EB7-4068-82CE-40913EE68002}.Release|Any CPU.Build.0 = Release|Any CPU
		{4695F264-679E-400B-9A74-7C9EE4FAD309}.Debug|Any CPU.ActiveCfg = Debug|Any CPU
		{4695F264-679E-400B-9A74-7C9EE4FAD309}.Debug|Any CPU.Build.0 = Debug|Any CPU
		{4695F264-679E-400B-9A74-7C9EE4FAD309}.Release|Any CPU.ActiveCfg = Release|Any CPU
		{4695F264-679E-400B-9A74-7C9EE4FAD309}.Release|Any CPU.Build.0 = Release|Any CPU
		{246001A6-AE1F-40DE-8A1D-ABC392174C73}.Debug|Any CPU.ActiveCfg = Debug|Any CPU
		{246001A6-AE1F-40DE-8A1D-ABC392174C73}.Debug|Any CPU.Build.0 = Debug|Any CPU
		{246001A6-AE1F-40DE-8A1D-ABC392174C73}.Release|Any CPU.ActiveCfg = Release|Any CPU
		{246001A6-AE1F-40DE-8A1D-ABC392174C73}.Release|Any CPU.Build.0 = Release|Any CPU
	EndGlobalSection
	GlobalSection(SolutionProperties) = preSolution
		HideSolutionNode = FALSE
	EndGlobalSection
	GlobalSection(ExtensibilityGlobals) = postSolution
		SolutionGuid = {DE7C8A11-3D58-4382-9D8E-CB6CF0993E1A}
	EndGlobalSection
EndGlobal
